Microsoft Visual Studio Solution File, Format Version 12.00
# Visual Studio Version 17
VisualStudioVersion = 17.0.31919.166
MinimumVisualStudioVersion = 10.0.40219.1
Project("{9A19103F-16F7-4668-BE54-9A1E7A4F7556}") = "SISPAE.Common", "SISPAE.Common\SISPAE.Common.csproj", "{0C066521-F695-4C7D-91B3-16B22EF85B6E}"
EndProject
Project("{9A19103F-16F7-4668-BE54-9A1E7A4F7556}") = "SISPAE.Model", "SISPAE.Model\SISPAE.Model.csproj", "{1A5A31FC-AC52-46B7-879F-A4169FE54ECE}"
EndProject
Project("{9A19103F-16F7-4668-BE54-9A1E7A4F7556}") = "SISPAE.DataAccess", "SISPAE.DataAccess\SISPAE.DataAccess.csproj", "{F4D21453-2EC0-4EB5-B816-911C38D2751E}"
	ProjectSection(ProjectDependencies) = postProject
		{0C066521-F695-4C7D-91B3-16B22EF85B6E} = {0C066521-F695-4C7D-91B3-16B22EF85B6E}
		{1A5A31FC-AC52-46B7-879F-A4169FE54ECE} = {1A5A31FC-AC52-46B7-879F-A4169FE54ECE}
	EndProjectSection
EndProject
Project("{9A19103F-16F7-4668-BE54-9A1E7A4F7556}") = "SISPAE.Business", "SISPAE.Business\SISPAE.Business.csproj", "{7021A602-BCA5-4CF1-BD1D-2E93C0F161E0}"
EndProject
Project("{9A19103F-16F7-4668-BE54-9A1E7A4F7556}") = "SISPAE_API_Acceso.WebAPI", "SISPAE.API_Acceso\SISPAE_API_Acceso.WebAPI.csproj", "{D5BEB7C9-BDFF-4E94-8074-6A25026E8BF3}"
EndProject
Project("{9A19103F-16F7-4668-BE54-9A1E7A4F7556}") = "SISPAE_API_Alertas.WebAPI", "SISPAE.API_Alertas\SISPAE_API_Alertas.WebAPI.csproj", "{EE888C54-AA5C-4FF2-80DF-EEA264509262}"
EndProject
Project("{9A19103F-16F7-4668-BE54-9A1E7A4F7556}") = "SISPAE_API_AlimentosMenu.WebAPI", "SISPAE.API_AlimentosMenu\SISPAE_API_AlimentosMenu.WebAPI.csproj", "{9ECD81E6-AB73-47D6-8388-C2A2012FEEAA}"
EndProject
Project("{9A19103F-16F7-4668-BE54-9A1E7A4F7556}") = "SISPAE_API_Aprobaciones.WebAPI", "SISPAE.API_Aprobaciones\SISPAE_API_Aprobaciones.WebAPI.csproj", "{9D6D9848-9617-4BBC-ADD1-E4B801FFEA50}"
EndProject
Project("{9A19103F-16F7-4668-BE54-9A1E7A4F7556}") = "SISPAE_API_Auditoria.WebAPI", "SISPAE.API_Auditoria\SISPAE_API_Auditoria.WebAPI.csproj", "{DE95B7B1-C182-4091-992D-BD753F14195B}"
EndProject
Project("{9A19103F-16F7-4668-BE54-9A1E7A4F7556}") = "SISPAE_API_Configuracion.WebAPI", "SISPAE.API_Configuracion\SISPAE_API_Configuracion.WebAPI.csproj", "{7ECE668C-60B6-42A0-8C7A-A81D857E5047}"
EndProject
Project("{9A19103F-16F7-4668-BE54-9A1E7A4F7556}") = "SISPAE_API_Contenidos.WebAPI", "SISPAE.API_Contenidos\SISPAE_API_Contenidos.WebAPI.csproj", "{2364EE0F-4C81-4611-91F1-A18B1C322001}"
EndProject
Project("{9A19103F-16F7-4668-BE54-9A1E7A4F7556}") = "SISPAE_API_Contratos.WebAPI", "SISPAE.API_Contratos\SISPAE_API_Contratos.WebAPI.csproj", "{D51804DD-C1C4-4463-8FCF-3C40C465ABD2}"
EndProject
Project("{9A19103F-16F7-4668-BE54-9A1E7A4F7556}") = "SISPAE_API_ETC.WebAPI", "SISPAE.API_ETC\SISPAE_API_ETC.WebAPI.csproj", "{74BD4942-BBC1-4BA0-9F4F-BF260EA6ECAE}"
EndProject
Project("{9A19103F-16F7-4668-BE54-9A1E7A4F7556}") = "SISPAE_API_GestionExcedentes.WebAPI", "SISPAE.API_GestionExcedentes\SISPAE_API_GestionExcedentes.WebAPI.csproj", "{E8C98AA4-B0D5-42E6-851E-952AD5D5B631}"
EndProject
Project("{9A19103F-16F7-4668-BE54-9A1E7A4F7556}") = "SISPAE_API_GestionSocial.WebAPI", "SISPAE.API_GestionSocial\SISPAE_API_GestionSocial.WebAPI.csproj", "{D6AE9F45-1CB0-4D04-BD67-0D5BBAB759F3}"
EndProject
Project("{9A19103F-16F7-4668-BE54-9A1E7A4F7556}") = "SISPAE_API_Infraestructura.WebAPI", "SISPAE.API_Infraestructura\SISPAE_API_Infraestructura.WebAPI.csproj", "{3D823D4D-5145-485A-8D39-51494B3C16F6}"
EndProject
Project("{9A19103F-16F7-4668-BE54-9A1E7A4F7556}") = "SISPAE_API_Minutas.WebAPI", "SISPAE.API_Minutas\SISPAE_API_Minutas.WebAPI.csproj", "{43D5B1E9-ADC5-4B81-A27B-C8618F8865E8}"
EndProject
Project("{9A19103F-16F7-4668-BE54-9A1E7A4F7556}") = "SISPAE_API_ModuloUApa.WebAPI", "SISPAE.API_ModuloUApa\SISPAE_API_ModuloUApa.WebAPI.csproj", "{5034D390-0F24-44BF-B753-57B888C37F1A}"
EndProject
Project("{9A19103F-16F7-4668-BE54-9A1E7A4F7556}") = "SISPAE_API_PlanAlistamiento.WebAPI", "SISPAE.API_PlanAlistamiento\SISPAE_API_PlanAlistamiento.WebAPI.csproj", "{2BA32196-21F8-45E2-8831-5B92599A7D31}"
EndProject
Project("{9A19103F-16F7-4668-BE54-9A1E7A4F7556}") = "SISPAE_API_PlaneacionFinanciera.WebAPI", "SISPAE.API_PlaneacionFinanciera\SISPAE_API_PlaneacionFinanciera.WebAPI.csproj", "{6659F815-2CDF-4AB3-8FB9-E4F184035D0B}"
EndProject
Project("{9A19103F-16F7-4668-BE54-9A1E7A4F7556}") = "SISPAE_API_Priorizacion.WebAPI", "SISPAE.API_Priorizacion\SISPAE_API_Priorizacion.WebAPI.csproj", "{6C20992A-6412-4732-B460-27A0BABCC8BC}"
EndProject
Project("{9A19103F-16F7-4668-BE54-9A1E7A4F7556}") = "SISPAE_API_Seguimiento.WebAPI", "SISPAE.API_Seguimiento\SISPAE_API_Seguimiento.WebAPI.csproj", "{F568D971-B4C4-4E8B-82EB-5F1AEFBB22CF}"
EndProject
Project("{9A19103F-16F7-4668-BE54-9A1E7A4F7556}") = "SISPAE_API_Seguridad.WebAPI", "SISPAE.API_Seguridad\SISPAE_API_Seguridad.WebAPI.csproj", "{F02B262D-E514-477F-8D0F-2462204806BE}"
EndProject
Project("{9A19103F-16F7-4668-BE54-9A1E7A4F7556}") = "SISPAE_API_SistemaEducativo.WebAPI", "SISPAE.API_SistemaEducativo\SISPAE_API_SistemaEducativo.WebAPI.csproj", "{BFA34961-C37E-4486-AD98-681C94243259}"
EndProject
Project("{9A19103F-16F7-4668-BE54-9A1E7A4F7556}") = "SISPAE_API_Vigencias.WebAPI", "SISPAE.API_Vigencias\SISPAE_API_Vigencias.WebAPI.csproj", "{66CECD96-C50A-4551-B34A-2523A543BBA0}"
EndProject
Project("{9A19103F-16F7-4668-BE54-9A1E7A4F7556}") = "SISPAE_API_Staging.WebAPI", "SISPAE.API_Staging\SISPAE_API_Staging.WebAPI.csproj", "{33BD761E-A1AD-478E-BDF5-067A2BA40C2B}"
EndProject
Project("{9A19103F-16F7-4668-BE54-9A1E7A4F7556}") = "EmailService", "EmailService\EmailService.csproj", "{D47639E5-DB76-43F4-84AA-1B0580381CD0}"
EndProject
Project("{9A19103F-16F7-4668-BE54-9A1E7A4F7556}") = "SISPAE_API_PTN", "SISPAE.API_PTN\SISPAE_API_PTN.csproj", "{B9CFC144-0E01-41BF-A87D-62AF6A9333A3}"
EndProject
Global
	GlobalSection(SolutionConfigurationPlatforms) = preSolution
		Debug|Any CPU = Debug|Any CPU
		Release|Any CPU = Release|Any CPU
	EndGlobalSection
	GlobalSection(ProjectConfigurationPlatforms) = postSolution
		{0C066521-F695-4C7D-91B3-16B22EF85B6E}.Debug|Any CPU.ActiveCfg = Debug|Any CPU
		{0C066521-F695-4C7D-91B3-16B22EF85B6E}.Debug|Any CPU.Build.0 = Debug|Any CPU
		{0C066521-F695-4C7D-91B3-16B22EF85B6E}.Release|Any CPU.ActiveCfg = Release|Any CPU
		{0C066521-F695-4C7D-91B3-16B22EF85B6E}.Release|Any CPU.Build.0 = Release|Any CPU
		{1A5A31FC-AC52-46B7-879F-A4169FE54ECE}.Debug|Any CPU.ActiveCfg = Debug|Any CPU
		{1A5A31FC-AC52-46B7-879F-A4169FE54ECE}.Debug|Any CPU.Build.0 = Debug|Any CPU
		{1A5A31FC-AC52-46B7-879F-A4169FE54ECE}.Release|Any CPU.ActiveCfg = Release|Any CPU
		{1A5A31FC-AC52-46B7-879F-A4169FE54ECE}.Release|Any CPU.Build.0 = Release|Any CPU
		{F4D21453-2EC0-4EB5-B816-911C38D2751E}.Debug|Any CPU.ActiveCfg = Debug|Any CPU
		{F4D21453-2EC0-4EB5-B816-911C38D2751E}.Debug|Any CPU.Build.0 = Debug|Any CPU
		{F4D21453-2EC0-4EB5-B816-911C38D2751E}.Release|Any CPU.ActiveCfg = Release|Any CPU
		{F4D21453-2EC0-4EB5-B816-911C38D2751E}.Release|Any CPU.Build.0 = Release|Any CPU
		{7021A602-BCA5-4CF1-BD1D-2E93C0F161E0}.Debug|Any CPU.ActiveCfg = Debug|Any CPU
		{7021A602-BCA5-4CF1-BD1D-2E93C0F161E0}.Debug|Any CPU.Build.0 = Debug|Any CPU
		{7021A602-BCA5-4CF1-BD1D-2E93C0F161E0}.Release|Any CPU.ActiveCfg = Release|Any CPU
		{7021A602-BCA5-4CF1-BD1D-2E93C0F161E0}.Release|Any CPU.Build.0 = Release|Any CPU
		{D5BEB7C9-BDFF-4E94-8074-6A25026E8BF3}.Debug|Any CPU.ActiveCfg = Debug|Any CPU
		{D5BEB7C9-BDFF-4E94-8074-6A25026E8BF3}.Debug|Any CPU.Build.0 = Debug|Any CPU
		{D5BEB7C9-BDFF-4E94-8074-6A25026E8BF3}.Release|Any CPU.ActiveCfg = Release|Any CPU
		{D5BEB7C9-BDFF-4E94-8074-6A25026E8BF3}.Release|Any CPU.Build.0 = Release|Any CPU
		{EE888C54-AA5C-4FF2-80DF-EEA264509262}.Debug|Any CPU.ActiveCfg = Debug|Any CPU
		{EE888C54-AA5C-4FF2-80DF-EEA264509262}.Debug|Any CPU.Build.0 = Debug|Any CPU
		{EE888C54-AA5C-4FF2-80DF-EEA264509262}.Release|Any CPU.ActiveCfg = Release|Any CPU
		{EE888C54-AA5C-4FF2-80DF-EEA264509262}.Release|Any CPU.Build.0 = Release|Any CPU
		{9ECD81E6-AB73-47D6-8388-C2A2012FEEAA}.Debug|Any CPU.ActiveCfg = Debug|Any CPU
		{9ECD81E6-AB73-47D6-8388-C2A2012FEEAA}.Debug|Any CPU.Build.0 = Debug|Any CPU
		{9ECD81E6-AB73-47D6-8388-C2A2012FEEAA}.Release|Any CPU.ActiveCfg = Release|Any CPU
		{9ECD81E6-AB73-47D6-8388-C2A2012FEEAA}.Release|Any CPU.Build.0 = Release|Any CPU
		{9D6D9848-9617-4BBC-ADD1-E4B801FFEA50}.Debug|Any CPU.ActiveCfg = Debug|Any CPU
		{9D6D9848-9617-4BBC-ADD1-E4B801FFEA50}.Debug|Any CPU.Build.0 = Debug|Any CPU
		{9D6D9848-9617-4BBC-ADD1-E4B801FFEA50}.Release|Any CPU.ActiveCfg = Release|Any CPU
		{9D6D9848-9617-4BBC-ADD1-E4B801FFEA50}.Release|Any CPU.Build.0 = Release|Any CPU
		{DE95B7B1-C182-4091-992D-BD753F14195B}.Debug|Any CPU.ActiveCfg = Debug|Any CPU
		{DE95B7B1-C182-4091-992D-BD753F14195B}.Debug|Any CPU.Build.0 = Debug|Any CPU
		{DE95B7B1-C182-4091-992D-BD753F14195B}.Release|Any CPU.ActiveCfg = Release|Any CPU
		{DE95B7B1-C182-4091-992D-BD753F14195B}.Release|Any CPU.Build.0 = Release|Any CPU
		{7ECE668C-60B6-42A0-8C7A-A81D857E5047}.Debug|Any CPU.ActiveCfg = Debug|Any CPU
		{7ECE668C-60B6-42A0-8C7A-A81D857E5047}.Debug|Any CPU.Build.0 = Debug|Any CPU
		{7ECE668C-60B6-42A0-8C7A-A81D857E5047}.Release|Any CPU.ActiveCfg = Release|Any CPU
		{7ECE668C-60B6-42A0-8C7A-A81D857E5047}.Release|Any CPU.Build.0 = Release|Any CPU
		{2364EE0F-4C81-4611-91F1-A18B1C322001}.Debug|Any CPU.ActiveCfg = Debug|Any CPU
		{2364EE0F-4C81-4611-91F1-A18B1C322001}.Debug|Any CPU.Build.0 = Debug|Any CPU
		{2364EE0F-4C81-4611-91F1-A18B1C322001}.Release|Any CPU.ActiveCfg = Release|Any CPU
		{2364EE0F-4C81-4611-91F1-A18B1C322001}.Release|Any CPU.Build.0 = Release|Any CPU
		{D51804DD-C1C4-4463-8FCF-3C40C465ABD2}.Debug|Any CPU.ActiveCfg = Debug|Any CPU
		{D51804DD-C1C4-4463-8FCF-3C40C465ABD2}.Debug|Any CPU.Build.0 = Debug|Any CPU
		{D51804DD-C1C4-4463-8FCF-3C40C465ABD2}.Release|Any CPU.ActiveCfg = Release|Any CPU
		{D51804DD-C1C4-4463-8FCF-3C40C465ABD2}.Release|Any CPU.Build.0 = Release|Any CPU
		{74BD4942-BBC1-4BA0-9F4F-BF260EA6ECAE}.Debug|Any CPU.ActiveCfg = Debug|Any CPU
		{74BD4942-BBC1-4BA0-9F4F-BF260EA6ECAE}.Debug|Any CPU.Build.0 = Debug|Any CPU
		{74BD4942-BBC1-4BA0-9F4F-BF260EA6ECAE}.Release|Any CPU.ActiveCfg = Release|Any CPU
		{74BD4942-BBC1-4BA0-9F4F-BF260EA6ECAE}.Release|Any CPU.Build.0 = Release|Any CPU
		{E8C98AA4-B0D5-42E6-851E-952AD5D5B631}.Debug|Any CPU.ActiveCfg = Debug|Any CPU
		{E8C98AA4-B0D5-42E6-851E-952AD5D5B631}.Debug|Any CPU.Build.0 = Debug|Any CPU
		{E8C98AA4-B0D5-42E6-851E-952AD5D5B631}.Release|Any CPU.ActiveCfg = Release|Any CPU
		{E8C98AA4-B0D5-42E6-851E-952AD5D5B631}.Release|Any CPU.Build.0 = Release|Any CPU
		{D6AE9F45-1CB0-4D04-BD67-0D5BBAB759F3}.Debug|Any CPU.ActiveCfg = Debug|Any CPU
		{D6AE9F45-1CB0-4D04-BD67-0D5BBAB759F3}.Debug|Any CPU.Build.0 = Debug|Any CPU
		{D6AE9F45-1CB0-4D04-BD67-0D5BBAB759F3}.Release|Any CPU.ActiveCfg = Release|Any CPU
		{D6AE9F45-1CB0-4D04-BD67-0D5BBAB759F3}.Release|Any CPU.Build.0 = Release|Any CPU
		{3D823D4D-5145-485A-8D39-51494B3C16F6}.Debug|Any CPU.ActiveCfg = Debug|Any CPU
		{3D823D4D-5145-485A-8D39-51494B3C16F6}.Debug|Any CPU.Build.0 = Debug|Any CPU
		{3D823D4D-5145-485A-8D39-51494B3C16F6}.Release|Any CPU.ActiveCfg = Release|Any CPU
		{3D823D4D-5145-485A-8D39-51494B3C16F6}.Release|Any CPU.Build.0 = Release|Any CPU
		{43D5B1E9-ADC5-4B81-A27B-C8618F8865E8}.Debug|Any CPU.ActiveCfg = Debug|Any CPU
		{43D5B1E9-ADC5-4B81-A27B-C8618F8865E8}.Debug|Any CPU.Build.0 = Debug|Any CPU
		{43D5B1E9-ADC5-4B81-A27B-C8618F8865E8}.Release|Any CPU.ActiveCfg = Release|Any CPU
		{43D5B1E9-ADC5-4B81-A27B-C8618F8865E8}.Release|Any CPU.Build.0 = Release|Any CPU
		{5034D390-0F24-44BF-B753-57B888C37F1A}.Debug|Any CPU.ActiveCfg = Debug|Any CPU
		{5034D390-0F24-44BF-B753-57B888C37F1A}.Debug|Any CPU.Build.0 = Debug|Any CPU
		{5034D390-0F24-44BF-B753-57B888C37F1A}.Release|Any CPU.ActiveCfg = Release|Any CPU
		{5034D390-0F24-44BF-B753-57B888C37F1A}.Release|Any CPU.Build.0 = Release|Any CPU
		{2BA32196-21F8-45E2-8831-5B92599A7D31}.Debug|Any CPU.ActiveCfg = Debug|Any CPU
		{2BA32196-21F8-45E2-8831-5B92599A7D31}.Debug|Any CPU.Build.0 = Debug|Any CPU
		{2BA32196-21F8-45E2-8831-5B92599A7D31}.Release|Any CPU.ActiveCfg = Release|Any CPU
		{2BA32196-21F8-45E2-8831-5B92599A7D31}.Release|Any CPU.Build.0 = Release|Any CPU
		{6659F815-2CDF-4AB3-8FB9-E4F184035D0B}.Debug|Any CPU.ActiveCfg = Debug|Any CPU
		{6659F815-2CDF-4AB3-8FB9-E4F184035D0B}.Debug|Any CPU.Build.0 = Debug|Any CPU
		{6659F815-2CDF-4AB3-8FB9-E4F184035D0B}.Release|Any CPU.ActiveCfg = Release|Any CPU
		{6659F815-2CDF-4AB3-8FB9-E4F184035D0B}.Release|Any CPU.Build.0 = Release|Any CPU
		{6C20992A-6412-4732-B460-27A0BABCC8BC}.Debug|Any CPU.ActiveCfg = Debug|Any CPU
		{6C20992A-6412-4732-B460-27A0BABCC8BC}.Debug|Any CPU.Build.0 = Debug|Any CPU
		{6C20992A-6412-4732-B460-27A0BABCC8BC}.Release|Any CPU.ActiveCfg = Release|Any CPU
		{6C20992A-6412-4732-B460-27A0BABCC8BC}.Release|Any CPU.Build.0 = Release|Any CPU
		{F568D971-B4C4-4E8B-82EB-5F1AEFBB22CF}.Debug|Any CPU.ActiveCfg = Debug|Any CPU
		{F568D971-B4C4-4E8B-82EB-5F1AEFBB22CF}.Debug|Any CPU.Build.0 = Debug|Any CPU
		{F568D971-B4C4-4E8B-82EB-5F1AEFBB22CF}.Release|Any CPU.ActiveCfg = Release|Any CPU
		{F568D971-B4C4-4E8B-82EB-5F1AEFBB22CF}.Release|Any CPU.Build.0 = Release|Any CPU
		{F02B262D-E514-477F-8D0F-2462204806BE}.Debug|Any CPU.ActiveCfg = Debug|Any CPU
		{F02B262D-E514-477F-8D0F-2462204806BE}.Debug|Any CPU.Build.0 = Debug|Any CPU
		{F02B262D-E514-477F-8D0F-2462204806BE}.Release|Any CPU.ActiveCfg = Release|Any CPU
		{F02B262D-E514-477F-8D0F-2462204806BE}.Release|Any CPU.Build.0 = Release|Any CPU
		{BFA34961-C37E-4486-AD98-681C94243259}.Debug|Any CPU.ActiveCfg = Debug|Any CPU
		{BFA34961-C37E-4486-AD98-681C94243259}.Debug|Any CPU.Build.0 = Debug|Any CPU
		{BFA34961-C37E-4486-AD98-681C94243259}.Release|Any CPU.ActiveCfg = Release|Any CPU
		{BFA34961-C37E-4486-AD98-681C94243259}.Release|Any CPU.Build.0 = Release|Any CPU
		{66CECD96-C50A-4551-B34A-2523A543BBA0}.Debug|Any CPU.ActiveCfg = Debug|Any CPU
		{66CECD96-C50A-4551-B34A-2523A543BBA0}.Debug|Any CPU.Build.0 = Debug|Any CPU
		{66CECD96-C50A-4551-B34A-2523A543BBA0}.Release|Any CPU.ActiveCfg = Release|Any CPU
		{66CECD96-C50A-4551-B34A-2523A543BBA0}.Release|Any CPU.Build.0 = Release|Any CPU
		{33BD761E-A1AD-478E-BDF5-067A2BA40C2B}.Debug|Any CPU.ActiveCfg = Debug|Any CPU
		{33BD761E-A1AD-478E-BDF5-067A2BA40C2B}.Debug|Any CPU.Build.0 = Debug|Any CPU
		{33BD761E-A1AD-478E-BDF5-067A2BA40C2B}.Release|Any CPU.ActiveCfg = Release|Any CPU
		{33BD761E-A1AD-478E-BDF5-067A2BA40C2B}.Release|Any CPU.Build.0 = Release|Any CPU
		{D47639E5-DB76-43F4-84AA-1B0580381CD0}.Debug|Any CPU.ActiveCfg = Debug|Any CPU
		{D47639E5-DB76-43F4-84AA-1B0580381CD0}.Debug|Any CPU.Build.0 = Debug|Any CPU
		{D47639E5-DB76-43F4-84AA-1B0580381CD0}.Release|Any CPU.ActiveCfg = Release|Any CPU
		{D47639E5-DB76-43F4-84AA-1B0580381CD0}.Release|Any CPU.Build.0 = Release|Any CPU
		{B9CFC144-0E01-41BF-A87D-62AF6A9333A3}.Debug|Any CPU.ActiveCfg = Debug|Any CPU
		{B9CFC144-0E01-41BF-A87D-62AF6A9333A3}.Debug|Any CPU.Build.0 = Debug|Any CPU
		{B9CFC144-0E01-41BF-A87D-62AF6A9333A3}.Release|Any CPU.ActiveCfg = Release|Any CPU
		{B9CFC144-0E01-41BF-A87D-62AF6A9333A3}.Release|Any CPU.Build.0 = Release|Any CPU
	EndGlobalSection
	GlobalSection(SolutionProperties) = preSolution
		HideSolutionNode = FALSE
	EndGlobalSection
	GlobalSection(ExtensibilityGlobals) = postSolution
		SolutionGuid = {97A61B4B-9B05-4074-B7B5-C1C86B402927}
	EndGlobalSection
EndGlobal
