
Microsoft Visual Studio Solution File, Format Version 12.00
# Visual Studio Version 17
VisualStudioVersion = 17.0.31919.166
MinimumVisualStudioVersion = 10.0.40219.1
Project("{FAE04EC0-301F-11D3-BF4B-00C04F79EFBC}") = "SISPAE.Common", "SISPAE.Common.csproj", "{5278CAD8-D4E5-4892-BE42-98D4B2F20F6E}"
EndProject
Global
	GlobalSection(SolutionConfigurationPlatforms) = preSolution
		Debug|Any CPU = Debug|Any CPU
		Release|Any CPU = Release|Any CPU
	EndGlobalSection
	GlobalSection(ProjectConfigurationPlatforms) = postSolution
		{5278CAD8-D4E5-4892-BE42-98D4B2F20F6E}.Debug|Any CPU.ActiveCfg = Debug|Any CPU
		{5278CAD8-D4E5-4892-BE42-98D4B2F20F6E}.Debug|Any CPU.Build.0 = Debug|Any CPU
		{5278CAD8-D4E5-4892-BE42-98D4B2F20F6E}.Release|Any CPU.ActiveCfg = Release|Any CPU
		{5278CAD8-D4E5-4892-BE42-98D4B2F20F6E}.Release|Any CPU.Build.0 = Release|Any CPU
	EndGlobalSection
	GlobalSection(SolutionProperties) = preSolution
		HideSolutionNode = FALSE
	EndGlobalSection
	GlobalSection(ExtensibilityGlobals) = postSolution
		SolutionGuid = {819559E5-E2E0-47AF-8B89-ED4B05E65911}
	EndGlobalSection
EndGlobal
